// !$*UTF8*$!
{
	archiveVersion = 1;
	classes = {
	};
	objectVersion = 50;
	objects = {

/* Begin PBXBuildFile section */
		FAA7026C20A532CC005F7CBE /* AppDelegate.m in Sources */ = {isa = PBXBuildFile; fileRef = FAA7026B20A532CC005F7CBE /* AppDelegate.m */; };
		FAA7026F20A532CC005F7CBE /* ViewController.m in Sources */ = {isa = PBXBuildFile; fileRef = FAA7026E20A532CC005F7CBE /* ViewController.m */; };
		FAA7027220A532CC005F7CBE /* Main.storyboard in Resources */ = {isa = PBXBuildFile; fileRef = FAA7027020A532CC005F7CBE /* Main.storyboard */; };
		FAA7027420A532D1005F7CBE /* Assets.xcassets in Resources */ = {isa = PBXBuildFile; fileRef = FAA7027320A532D1005F7CBE /* Assets.xcassets */; };
		FAA7027720A532D1005F7CBE /* LaunchScreen.storyboard in Resources */ = {isa = PBXBuildFile; fileRef = FAA7027520A532D1005F7CBE /* LaunchScreen.storyboard */; };
		FAA7027A20A532D1005F7CBE /* main.m in Sources */ = {isa = PBXBuildFile; fileRef = FAA7027920A532D1005F7CBE /* main.m */; };
		FAA7028620A533C5005F7CBE /* UIButton+PUButton.m in Sources */ = {isa = PBXBuildFile; fileRef = FAA7028520A533C5005F7CBE /* UIButton+PUButton.m */; };
		FAA7028920A533EE005F7CBE /* UIColor+PUColor.m in Sources */ = {isa = PBXBuildFile; fileRef = FAA7028820A533EE005F7CBE /* UIColor+PUColor.m */; };
		FAA7028C20A53452005F7CBE /* UIBarButtonItem+PUBarButtonItem.m in Sources */ = {isa = PBXBuildFile; fileRef = FAA7028B20A53452005F7CBE /* UIBarButtonItem+PUBarButtonItem.m */; };
		FAA7028F20A541F8005F7CBE /* UIImage+PUImage.m in Sources */ = {isa = PBXBuildFile; fileRef = FAA7028E20A541F8005F7CBE /* UIImage+PUImage.m */; };
		FAA7029620A55C95005F7CBE /* UIView+PUView.m in Sources */ = {isa = PBXBuildFile; fileRef = FAA7029520A55C95005F7CBE /* UIView+PUView.m */; };
		FAA7029920A5627B005F7CBE /* UIBarItem+PUBarItem.m in Sources */ = {isa = PBXBuildFile; fileRef = FAA7029820A5627B005F7CBE /* UIBarItem+PUBarItem.m */; };
		FAA7029E20A57180005F7CBE /* UISearchBar+PUSearchBar.m in Sources */ = {isa = PBXBuildFile; fileRef = FAA7029D20A57180005F7CBE /* UISearchBar+PUSearchBar.m */; };
		FAA702AF20A57C0B005F7CBE /* AFSecurityPolicy.m in Sources */ = {isa = PBXBuildFile; fileRef = FAA702A620A57C09005F7CBE /* AFSecurityPolicy.m */; };
		FAA702B020A57C0B005F7CBE /* AFHTTPSessionManager.m in Sources */ = {isa = PBXBuildFile; fileRef = FAA702A720A57C09005F7CBE /* AFHTTPSessionManager.m */; };
		FAA702B120A57C0B005F7CBE /* AFURLResponseSerialization.m in Sources */ = {isa = PBXBuildFile; fileRef = FAA702A820A57C09005F7CBE /* AFURLResponseSerialization.m */; };
		FAA702B220A57C0B005F7CBE /* AFURLSessionManager.m in Sources */ = {isa = PBXBuildFile; fileRef = FAA702A920A57C0A005F7CBE /* AFURLSessionManager.m */; };
		FAA702B320A57C0B005F7CBE /* AFNetworkReachabilityManager.m in Sources */ = {isa = PBXBuildFile; fileRef = FAA702AC20A57C0B005F7CBE /* AFNetworkReachabilityManager.m */; };
		FAA702B420A57C0B005F7CBE /* AFURLRequestSerialization.m in Sources */ = {isa = PBXBuildFile; fileRef = FAA702AE20A57C0B005F7CBE /* AFURLRequestSerialization.m */; };
/* End PBXBuildFile section */

/* Begin PBXFileReference section */
		FAA7026720A532CC005F7CBE /* PublicUIKit.app */ = {isa = PBXFileReference; explicitFileType = wrapper.application; includeInIndex = 0; path = PublicUIKit.app; sourceTree = BUILT_PRODUCTS_DIR; };
		FAA7026A20A532CC005F7CBE /* AppDelegate.h */ = {isa = PBXFileReference; lastKnownFileType = sourcecode.c.h; path = AppDelegate.h; sourceTree = "<group>"; };
		FAA7026B20A532CC005F7CBE /* AppDelegate.m */ = {isa = PBXFileReference; lastKnownFileType = sourcecode.c.objc; path = AppDelegate.m; sourceTree = "<group>"; };
		FAA7026D20A532CC005F7CBE /* ViewController.h */ = {isa = PBXFileReference; lastKnownFileType = sourcecode.c.h; path = ViewController.h; sourceTree = "<group>"; };
		FAA7026E20A532CC005F7CBE /* ViewController.m */ = {isa = PBXFileReference; lastKnownFileType = sourcecode.c.objc; path = ViewController.m; sourceTree = "<group>"; };
		FAA7027120A532CC005F7CBE /* Base */ = {isa = PBXFileReference; lastKnownFileType = file.storyboard; name = Base; path = Base.lproj/Main.storyboard; sourceTree = "<group>"; };
		FAA7027320A532D1005F7CBE /* Assets.xcassets */ = {isa = PBXFileReference; lastKnownFileType = folder.assetcatalog; path = Assets.xcassets; sourceTree = "<group>"; };
		FAA7027620A532D1005F7CBE /* Base */ = {isa = PBXFileReference; lastKnownFileType = file.storyboard; name = Base; path = Base.lproj/LaunchScreen.storyboard; sourceTree = "<group>"; };
		FAA7027820A532D1005F7CBE /* Info.plist */ = {isa = PBXFileReference; lastKnownFileType = text.plist.xml; path = Info.plist; sourceTree = "<group>"; };
		FAA7027920A532D1005F7CBE /* main.m */ = {isa = PBXFileReference; lastKnownFileType = sourcecode.c.objc; path = main.m; sourceTree = "<group>"; };
		FAA7028420A533C5005F7CBE /* UIButton+PUButton.h */ = {isa = PBXFileReference; lastKnownFileType = sourcecode.c.h; path = "UIButton+PUButton.h"; sourceTree = "<group>"; };
		FAA7028520A533C5005F7CBE /* UIButton+PUButton.m */ = {isa = PBXFileReference; lastKnownFileType = sourcecode.c.objc; path = "UIButton+PUButton.m"; sourceTree = "<group>"; };
		FAA7028720A533EE005F7CBE /* UIColor+PUColor.h */ = {isa = PBXFileReference; lastKnownFileType = sourcecode.c.h; path = "UIColor+PUColor.h"; sourceTree = "<group>"; };
		FAA7028820A533EE005F7CBE /* UIColor+PUColor.m */ = {isa = PBXFileReference; lastKnownFileType = sourcecode.c.objc; path = "UIColor+PUColor.m"; sourceTree = "<group>"; };
		FAA7028A20A53452005F7CBE /* UIBarButtonItem+PUBarButtonItem.h */ = {isa = PBXFileReference; lastKnownFileType = sourcecode.c.h; path = "UIBarButtonItem+PUBarButtonItem.h"; sourceTree = "<group>"; };
		FAA7028B20A53452005F7CBE /* UIBarButtonItem+PUBarButtonItem.m */ = {isa = PBXFileReference; lastKnownFileType = sourcecode.c.objc; path = "UIBarButtonItem+PUBarButtonItem.m"; sourceTree = "<group>"; };
		FAA7028D20A541F8005F7CBE /* UIImage+PUImage.h */ = {isa = PBXFileReference; lastKnownFileType = sourcecode.c.h; path = "UIImage+PUImage.h"; sourceTree = "<group>"; };
		FAA7028E20A541F8005F7CBE /* UIImage+PUImage.m */ = {isa = PBXFileReference; lastKnownFileType = sourcecode.c.objc; path = "UIImage+PUImage.m"; sourceTree = "<group>"; };
		FAA7029020A5467A005F7CBE /* PUCommon.h */ = {isa = PBXFileReference; lastKnownFileType = sourcecode.c.h; path = PUCommon.h; sourceTree = "<group>"; };
		FAA7029420A55C94005F7CBE /* UIView+PUView.h */ = {isa = PBXFileReference; lastKnownFileType = sourcecode.c.h; path = "UIView+PUView.h"; sourceTree = "<group>"; };
		FAA7029520A55C95005F7CBE /* UIView+PUView.m */ = {isa = PBXFileReference; lastKnownFileType = sourcecode.c.objc; path = "UIView+PUView.m"; sourceTree = "<group>"; };
		FAA7029720A5627B005F7CBE /* UIBarItem+PUBarItem.h */ = {isa = PBXFileReference; lastKnownFileType = sourcecode.c.h; path = "UIBarItem+PUBarItem.h"; sourceTree = "<group>"; };
		FAA7029820A5627B005F7CBE /* UIBarItem+PUBarItem.m */ = {isa = PBXFileReference; lastKnownFileType = sourcecode.c.objc; path = "UIBarItem+PUBarItem.m"; sourceTree = "<group>"; };
		FAA7029C20A57180005F7CBE /* UISearchBar+PUSearchBar.h */ = {isa = PBXFileReference; lastKnownFileType = sourcecode.c.h; path = "UISearchBar+PUSearchBar.h"; sourceTree = "<group>"; };
		FAA7029D20A57180005F7CBE /* UISearchBar+PUSearchBar.m */ = {isa = PBXFileReference; lastKnownFileType = sourcecode.c.objc; path = "UISearchBar+PUSearchBar.m"; sourceTree = "<group>"; };
		FAA702A120A57C08005F7CBE /* AFNetworking.h */ = {isa = PBXFileReference; fileEncoding = 4; lastKnownFileType = sourcecode.c.h; path = AFNetworking.h; sourceTree = "<group>"; };
		FAA702A220A57C08005F7CBE /* AFCompatibilityMacros.h */ = {isa = PBXFileReference; fileEncoding = 4; lastKnownFileType = sourcecode.c.h; path = AFCompatibilityMacros.h; sourceTree = "<group>"; };
		FAA702A320A57C08005F7CBE /* AFSecurityPolicy.h */ = {isa = PBXFileReference; fileEncoding = 4; lastKnownFileType = sourcecode.c.h; path = AFSecurityPolicy.h; sourceTree = "<group>"; };
		FAA702A420A57C08005F7CBE /* AFURLSessionManager.h */ = {isa = PBXFileReference; fileEncoding = 4; lastKnownFileType = sourcecode.c.h; path = AFURLSessionManager.h; sourceTree = "<group>"; };
		FAA702A520A57C08005F7CBE /* AFURLResponseSerialization.h */ = {isa = PBXFileReference; fileEncoding = 4; lastKnownFileType = sourcecode.c.h; path = AFURLResponseSerialization.h; sourceTree = "<group>"; };
		FAA702A620A57C09005F7CBE /* AFSecurityPolicy.m */ = {isa = PBXFileReference; fileEncoding = 4; lastKnownFileType = sourcecode.c.objc; path = AFSecurityPolicy.m; sourceTree = "<group>"; };
		FAA702A720A57C09005F7CBE /* AFHTTPSessionManager.m */ = {isa = PBXFileReference; fileEncoding = 4; lastKnownFileType = sourcecode.c.objc; path = AFHTTPSessionManager.m; sourceTree = "<group>"; };
		FAA702A820A57C09005F7CBE /* AFURLResponseSerialization.m */ = {isa = PBXFileReference; fileEncoding = 4; lastKnownFileType = sourcecode.c.objc; path = AFURLResponseSerialization.m; sourceTree = "<group>"; };
		FAA702A920A57C0A005F7CBE /* AFURLSessionManager.m */ = {isa = PBXFileReference; fileEncoding = 4; lastKnownFileType = sourcecode.c.objc; path = AFURLSessionManager.m; sourceTree = "<group>"; };
		FAA702AA20A57C0A005F7CBE /* AFURLRequestSerialization.h */ = {isa = PBXFileReference; fileEncoding = 4; lastKnownFileType = sourcecode.c.h; path = AFURLRequestSerialization.h; sourceTree = "<group>"; };
		FAA702AB20A57C0A005F7CBE /* AFHTTPSessionManager.h */ = {isa = PBXFileReference; fileEncoding = 4; lastKnownFileType = sourcecode.c.h; path = AFHTTPSessionManager.h; sourceTree = "<group>"; };
		FAA702AC20A57C0B005F7CBE /* AFNetworkReachabilityManager.m */ = {isa = PBXFileReference; fileEncoding = 4; lastKnownFileType = sourcecode.c.objc; path = AFNetworkReachabilityManager.m; sourceTree = "<group>"; };
		FAA702AD20A57C0B005F7CBE /* AFNetworkReachabilityManager.h */ = {isa = PBXFileReference; fileEncoding = 4; lastKnownFileType = sourcecode.c.h; path = AFNetworkReachabilityManager.h; sourceTree = "<group>"; };
		FAA702AE20A57C0B005F7CBE /* AFURLRequestSerialization.m */ = {isa = PBXFileReference; fileEncoding = 4; lastKnownFileType = sourcecode.c.objc; path = AFURLRequestSerialization.m; sourceTree = "<group>"; };
/* End PBXFileReference section */

/* Begin PBXFrameworksBuildPhase section */
		FAA7026420A532CC005F7CBE /* Frameworks */ = {
			isa = PBXFrameworksBuildPhase;
			buildActionMask = 2147483647;
			files = (
			);
			runOnlyForDeploymentPostprocessing = 0;
		};
/* End PBXFrameworksBuildPhase section */

/* Begin PBXGroup section */
		FAA7025E20A532CC005F7CBE = {
			isa = PBXGroup;
			children = (
				FAA7026920A532CC005F7CBE /* PublicUIKit */,
				FAA7026820A532CC005F7CBE /* Products */,
			);
			sourceTree = "<group>";
		};
		FAA7026820A532CC005F7CBE /* Products */ = {
			isa = PBXGroup;
			children = (
				FAA7026720A532CC005F7CBE /* PublicUIKit.app */,
			);
			name = Products;
			sourceTree = "<group>";
		};
		FAA7026920A532CC005F7CBE /* PublicUIKit */ = {
			isa = PBXGroup;
			children = (
				FAA7029F20A57B2E005F7CBE /* Frameworks */,
				FAA7029B20A5707F005F7CBE /* Service */,
				FAA7029A20A57038005F7CBE /* View */,
				FAA7029020A5467A005F7CBE /* PUCommon.h */,
				FAA7028020A532E5005F7CBE /* Category */,
				FAA7026A20A532CC005F7CBE /* AppDelegate.h */,
				FAA7026B20A532CC005F7CBE /* AppDelegate.m */,
				FAA7026D20A532CC005F7CBE /* ViewController.h */,
				FAA7026E20A532CC005F7CBE /* ViewController.m */,
				FAA7027020A532CC005F7CBE /* Main.storyboard */,
				FAA7027320A532D1005F7CBE /* Assets.xcassets */,
				FAA7027520A532D1005F7CBE /* LaunchScreen.storyboard */,
				FAA7027820A532D1005F7CBE /* Info.plist */,
				FAA7027920A532D1005F7CBE /* main.m */,
			);
			path = PublicUIKit;
			sourceTree = "<group>";
		};
		FAA7028020A532E5005F7CBE /* Category */ = {
			isa = PBXGroup;
			children = (
				FAA7028420A533C5005F7CBE /* UIButton+PUButton.h */,
				FAA7028520A533C5005F7CBE /* UIButton+PUButton.m */,
				FAA7028720A533EE005F7CBE /* UIColor+PUColor.h */,
				FAA7028820A533EE005F7CBE /* UIColor+PUColor.m */,
				FAA7028D20A541F8005F7CBE /* UIImage+PUImage.h */,
				FAA7028E20A541F8005F7CBE /* UIImage+PUImage.m */,
				FAA7028A20A53452005F7CBE /* UIBarButtonItem+PUBarButtonItem.h */,
				FAA7028B20A53452005F7CBE /* UIBarButtonItem+PUBarButtonItem.m */,
				FAA7029420A55C94005F7CBE /* UIView+PUView.h */,
				FAA7029520A55C95005F7CBE /* UIView+PUView.m */,
				FAA7029720A5627B005F7CBE /* UIBarItem+PUBarItem.h */,
				FAA7029820A5627B005F7CBE /* UIBarItem+PUBarItem.m */,
				FAA7029C20A57180005F7CBE /* UISearchBar+PUSearchBar.h */,
				FAA7029D20A57180005F7CBE /* UISearchBar+PUSearchBar.m */,
			);
			path = Category;
			sourceTree = "<group>";
		};
		FAA7029A20A57038005F7CBE /* View */ = {
			isa = PBXGroup;
			children = (
			);
			path = View;
			sourceTree = "<group>";
		};
		FAA7029B20A5707F005F7CBE /* Service */ = {
			isa = PBXGroup;
			children = (
			);
			path = Service;
			sourceTree = "<group>";
		};
		FAA7029F20A57B2E005F7CBE /* Frameworks */ = {
			isa = PBXGroup;
			children = (
				FAA702A020A57BF8005F7CBE /* AFNetworking */,
			);
			path = Frameworks;
			sourceTree = "<group>";
		};
		FAA702A020A57BF8005F7CBE /* AFNetworking */ = {
			isa = PBXGroup;
			children = (
				FAA702A220A57C08005F7CBE /* AFCompatibilityMacros.h */,
				FAA702AB20A57C0A005F7CBE /* AFHTTPSessionManager.h */,
				FAA702A720A57C09005F7CBE /* AFHTTPSessionManager.m */,
				FAA702A120A57C08005F7CBE /* AFNetworking.h */,
				FAA702AD20A57C0B005F7CBE /* AFNetworkReachabilityManager.h */,
				FAA702AC20A57C0B005F7CBE /* AFNetworkReachabilityManager.m */,
				FAA702A320A57C08005F7CBE /* AFSecurityPolicy.h */,
				FAA702A620A57C09005F7CBE /* AFSecurityPolicy.m */,
				FAA702AA20A57C0A005F7CBE /* AFURLRequestSerialization.h */,
				FAA702AE20A57C0B005F7CBE /* AFURLRequestSerialization.m */,
				FAA702A520A57C08005F7CBE /* AFURLResponseSerialization.h */,
				FAA702A820A57C09005F7CBE /* AFURLResponseSerialization.m */,
				FAA702A420A57C08005F7CBE /* AFURLSessionManager.h */,
				FAA702A920A57C0A005F7CBE /* AFURLSessionManager.m */,
			);
			path = AFNetworking;
			sourceTree = "<group>";
		};
/* End PBXGroup section */

/* Begin PBXNativeTarget section */
		FAA7026620A532CC005F7CBE /* PublicUIKit */ = {
			isa = PBXNativeTarget;
			buildConfigurationList = FAA7027D20A532D1005F7CBE /* Build configuration list for PBXNativeTarget "PublicUIKit" */;
			buildPhases = (
				FAA7026320A532CC005F7CBE /* Sources */,
				FAA7026420A532CC005F7CBE /* Frameworks */,
				FAA7026520A532CC005F7CBE /* Resources */,
			);
			buildRules = (
			);
			dependencies = (
			);
			name = PublicUIKit;
			productName = PublicUIKit;
			productReference = FAA7026720A532CC005F7CBE /* PublicUIKit.app */;
			productType = "com.apple.product-type.application";
		};
/* End PBXNativeTarget section */

/* Begin PBXProject section */
		FAA7025F20A532CC005F7CBE /* Project object */ = {
			isa = PBXProject;
			attributes = {
				LastUpgradeCheck = 0930;
				ORGANIZATIONNAME = Ehanghai;
				TargetAttributes = {
					FAA7026620A532CC005F7CBE = {
						CreatedOnToolsVersion = 9.3;
					};
				};
			};
			buildConfigurationList = FAA7026220A532CC005F7CBE /* Build configuration list for PBXProject "PublicUIKit" */;
			compatibilityVersion = "Xcode 9.3";
			developmentRegion = en;
			hasScannedForEncodings = 0;
			knownRegions = (
				en,
				Base,
			);
			mainGroup = FAA7025E20A532CC005F7CBE;
			productRefGroup = FAA7026820A532CC005F7CBE /* Products */;
			projectDirPath = "";
			projectRoot = "";
			targets = (
				FAA7026620A532CC005F7CBE /* PublicUIKit */,
			);
		};
/* End PBXProject section */

/* Begin PBXResourcesBuildPhase section */
		FAA7026520A532CC005F7CBE /* Resources */ = {
			isa = PBXResourcesBuildPhase;
			buildActionMask = 2147483647;
			files = (
				FAA7027720A532D1005F7CBE /* LaunchScreen.storyboard in Resources */,
				FAA7027420A532D1005F7CBE /* Assets.xcassets in Resources */,
				FAA7027220A532CC005F7CBE /* Main.storyboard in Resources */,
			);
			runOnlyForDeploymentPostprocessing = 0;
		};
/* End PBXResourcesBuildPhase section */

/* Begin PBXSourcesBuildPhase section */
		FAA7026320A532CC005F7CBE /* Sources */ = {
			isa = PBXSourcesBuildPhase;
			buildActionMask = 2147483647;
			files = (
				FAA7029E20A57180005F7CBE /* UISearchBar+PUSearchBar.m in Sources */,
				FAA7028920A533EE005F7CBE /* UIColor+PUColor.m in Sources */,
				FAA7028620A533C5005F7CBE /* UIButton+PUButton.m in Sources */,
				FAA702B220A57C0B005F7CBE /* AFURLSessionManager.m in Sources */,
				FAA702B020A57C0B005F7CBE /* AFHTTPSessionManager.m in Sources */,
				FAA7028F20A541F8005F7CBE /* UIImage+PUImage.m in Sources */,
				FAA702B120A57C0B005F7CBE /* AFURLResponseSerialization.m in Sources */,
				FAA702B420A57C0B005F7CBE /* AFURLRequestSerialization.m in Sources */,
				FAA702B320A57C0B005F7CBE /* AFNetworkReachabilityManager.m in Sources */,
				FAA7029920A5627B005F7CBE /* UIBarItem+PUBarItem.m in Sources */,
				FAA7026F20A532CC005F7CBE /* ViewController.m in Sources */,
				FAA7027A20A532D1005F7CBE /* main.m in Sources */,
				FAA7028C20A53452005F7CBE /* UIBarButtonItem+PUBarButtonItem.m in Sources */,
				FAA7029620A55C95005F7CBE /* UIView+PUView.m in Sources */,
				FAA702AF20A57C0B005F7CBE /* AFSecurityPolicy.m in Sources */,
				FAA7026C20A532CC005F7CBE /* AppDelegate.m in Sources */,
			);
			runOnlyForDeploymentPostprocessing = 0;
		};
/* End PBXSourcesBuildPhase section */

/* Begin PBXVariantGroup section */
		FAA7027020A532CC005F7CBE /* Main.storyboard */ = {
			isa = PBXVariantGroup;
			children = (
				FAA7027120A532CC005F7CBE /* Base */,
			);
			name = Main.storyboard;
			sourceTree = "<group>";
		};
		FAA7027520A532D1005F7CBE /* LaunchScreen.storyboard */ = {
			isa = PBXVariantGroup;
			children = (
				FAA7027620A532D1005F7CBE /* Base */,
			);
			name = LaunchScreen.storyboard;
			sourceTree = "<group>";
		};
/* End PBXVariantGroup section */

/* Begin XCBuildConfiguration section */
		FAA7027B20A532D1005F7CBE /* Debug */ = {
			isa = XCBuildConfiguration;
			buildSettings = {
				ALWAYS_SEARCH_USER_PATHS = NO;
				CLANG_ANALYZER_NONNULL = YES;
				CLANG_ANALYZER_NUMBER_OBJECT_CONVERSION = YES_AGGRESSIVE;
				CLANG_CXX_LANGUAGE_STANDARD = "gnu++14";
				CLANG_CXX_LIBRARY = "libc++";
				CLANG_ENABLE_MODULES = YES;
				CLANG_ENABLE_OBJC_ARC = YES;
				CLANG_ENABLE_OBJC_WEAK = YES;
				CLANG_WARN_BLOCK_CAPTURE_AUTORELEASING = YES;
				CLANG_WARN_BOOL_CONVERSION = YES;
				CLANG_WARN_COMMA = YES;
				CLANG_WARN_CONSTANT_CONVERSION = YES;
				CLANG_WARN_DEPRECATED_OBJC_IMPLEMENTATIONS = YES;
				CLANG_WARN_DIRECT_OBJC_ISA_USAGE = YES_ERROR;
				CLANG_WARN_DOCUMENTATION_COMMENTS = YES;
				CLANG_WARN_EMPTY_BODY = YES;
				CLANG_WARN_ENUM_CONVERSION = YES;
				CLANG_WARN_INFINITE_RECURSION = YES;
				CLANG_WARN_INT_CONVERSION = YES;
				CLANG_WARN_NON_LITERAL_NULL_CONVERSION = YES;
				CLANG_WARN_OBJC_IMPLICIT_RETAIN_SELF = YES;
				CLANG_WARN_OBJC_LITERAL_CONVERSION = YES;
				CLANG_WARN_OBJC_ROOT_CLASS = YES_ERROR;
				CLANG_WARN_RANGE_LOOP_ANALYSIS = YES;
				CLANG_WARN_STRICT_PROTOTYPES = YES;
				CLANG_WARN_SUSPICIOUS_MOVE = YES;
				CLANG_WARN_UNGUARDED_AVAILABILITY = YES_AGGRESSIVE;
				CLANG_WARN_UNREACHABLE_CODE = YES;
				CLANG_WARN__DUPLICATE_METHOD_MATCH = YES;
				CODE_SIGN_IDENTITY = "iPhone Developer";
				COPY_PHASE_STRIP = NO;
				DEBUG_INFORMATION_FORMAT = dwarf;
				ENABLE_STRICT_OBJC_MSGSEND = YES;
				ENABLE_TESTABILITY = YES;
				GCC_C_LANGUAGE_STANDARD = gnu11;
				GCC_DYNAMIC_NO_PIC = NO;
				GCC_NO_COMMON_BLOCKS = YES;
				GCC_OPTIMIZATION_LEVEL = 0;
				GCC_PREPROCESSOR_DEFINITIONS = (
					"DEBUG=1",
					"$(inherited)",
				);
				GCC_WARN_64_TO_32_BIT_CONVERSION = YES;
				GCC_WARN_ABOUT_RETURN_TYPE = YES_ERROR;
				GCC_WARN_UNDECLARED_SELECTOR = YES;
				GCC_WARN_UNINITIALIZED_AUTOS = YES_AGGRESSIVE;
				GCC_WARN_UNUSED_FUNCTION = YES;
				GCC_WARN_UNUSED_VARIABLE = YES;
				IPHONEOS_DEPLOYMENT_TARGET = 11.3;
				MTL_ENABLE_DEBUG_INFO = YES;
				ONLY_ACTIVE_ARCH = YES;
				SDKROOT = iphoneos;
			};
			name = Debug;
		};
		FAA7027C20A532D1005F7CBE /* Release */ = {
			isa = XCBuildConfiguration;
			buildSettings = {
				ALWAYS_SEARCH_USER_PATHS = NO;
				CLANG_ANALYZER_NONNULL = YES;
				CLANG_ANALYZER_NUMBER_OBJECT_CONVERSION = YES_AGGRESSIVE;
				CLANG_CXX_LANGUAGE_STANDARD = "gnu++14";
				CLANG_CXX_LIBRARY = "libc++";
				CLANG_ENABLE_MODULES = YES;
				CLANG_ENABLE_OBJC_ARC = YES;
				CLANG_ENABLE_OBJC_WEAK = YES;
				CLANG_WARN_BLOCK_CAPTURE_AUTORELEASING = YES;
				CLANG_WARN_BOOL_CONVERSION = YES;
				CLANG_WARN_COMMA = YES;
				CLANG_WARN_CONSTANT_CONVERSION = YES;
				CLANG_WARN_DEPRECATED_OBJC_IMPLEMENTATIONS = YES;
				CLANG_WARN_DIRECT_OBJC_ISA_USAGE = YES_ERROR;
				CLANG_WARN_DOCUMENTATION_COMMENTS = YES;
				CLANG_WARN_EMPTY_BODY = YES;
				CLANG_WARN_ENUM_CONVERSION = YES;
				CLANG_WARN_INFINITE_RECURSION = YES;
				CLANG_WARN_INT_CONVERSION = YES;
				CLANG_WARN_NON_LITERAL_NULL_CONVERSION = YES;
				CLANG_WARN_OBJC_IMPLICIT_RETAIN_SELF = YES;
				CLANG_WARN_OBJC_LITERAL_CONVERSION = YES;
				CLANG_WARN_OBJC_ROOT_CLASS = YES_ERROR;
				CLANG_WARN_RANGE_LOOP_ANALYSIS = YES;
				CLANG_WARN_STRICT_PROTOTYPES = YES;
				CLANG_WARN_SUSPICIOUS_MOVE = YES;
				CLANG_WARN_UNGUARDED_AVAILABILITY = YES_AGGRESSIVE;
				CLANG_WARN_UNREACHABLE_CODE = YES;
				CLANG_WARN__DUPLICATE_METHOD_MATCH = YES;
				CODE_SIGN_IDENTITY = "iPhone Developer";
				COPY_PHASE_STRIP = NO;
				DEBUG_INFORMATION_FORMAT = "dwarf-with-dsym";
				ENABLE_NS_ASSERTIONS = NO;
				ENABLE_STRICT_OBJC_MSGSEND = YES;
				GCC_C_LANGUAGE_STANDARD = gnu11;
				GCC_NO_COMMON_BLOCKS = YES;
				GCC_WARN_64_TO_32_BIT_CONVERSION = YES;
				GCC_WARN_ABOUT_RETURN_TYPE = YES_ERROR;
				GCC_WARN_UNDECLARED_SELECTOR = YES;
				GCC_WARN_UNINITIALIZED_AUTOS = YES_AGGRESSIVE;
				GCC_WARN_UNUSED_FUNCTION = YES;
				GCC_WARN_UNUSED_VARIABLE = YES;
				IPHONEOS_DEPLOYMENT_TARGET = 11.3;
				MTL_ENABLE_DEBUG_INFO = NO;
				SDKROOT = iphoneos;
				VALIDATE_PRODUCT = YES;
			};
			name = Release;
		};
		FAA7027E20A532D1005F7CBE /* Debug */ = {
			isa = XCBuildConfiguration;
			buildSettings = {
				ASSETCATALOG_COMPILER_APPICON_NAME = AppIcon;
				CODE_SIGN_STYLE = Automatic;
				DEVELOPMENT_TEAM = QNW8779W53;
				INFOPLIST_FILE = PublicUIKit/Info.plist;
				IPHONEOS_DEPLOYMENT_TARGET = 8.0;
				LD_RUNPATH_SEARCH_PATHS = (
					"$(inherited)",
					"@executable_path/Frameworks",
				);
				PRODUCT_BUNDLE_IDENTIFIER = cn.ehanghai.PublicUIKit;
				PRODUCT_NAME = "$(TARGET_NAME)";
				TARGETED_DEVICE_FAMILY = "1,2";
			};
			name = Debug;
		};
		FAA7027F20A532D1005F7CBE /* Release */ = {
			isa = XCBuildConfiguration;
			buildSettings = {
				ASSETCATALOG_COMPILER_APPICON_NAME = AppIcon;
				CODE_SIGN_STYLE = Automatic;
				DEVELOPMENT_TEAM = QNW8779W53;
				INFOPLIST_FILE = PublicUIKit/Info.plist;
				IPHONEOS_DEPLOYMENT_TARGET = 8.0;
				LD_RUNPATH_SEARCH_PATHS = (
					"$(inherited)",
					"@executable_path/Frameworks",
				);
				PRODUCT_BUNDLE_IDENTIFIER = cn.ehanghai.PublicUIKit;
				PRODUCT_NAME = "$(TARGET_NAME)";
				TARGETED_DEVICE_FAMILY = "1,2";
			};
			name = Release;
		};
/* End XCBuildConfiguration section */

/* Begin XCConfigurationList section */
		FAA7026220A532CC005F7CBE /* Build configuration list for PBXProject "PublicUIKit" */ = {
			isa = XCConfigurationList;
			buildConfigurations = (
				FAA7027B20A532D1005F7CBE /* Debug */,
				FAA7027C20A532D1005F7CBE /* Release */,
			);
			defaultConfigurationIsVisible = 0;
			defaultConfigurationName = Release;
		};
		FAA7027D20A532D1005F7CBE /* Build configuration list for PBXNativeTarget "PublicUIKit" */ = {
			isa = XCConfigurationList;
			buildConfigurations = (
				FAA7027E20A532D1005F7CBE /* Debug */,
				FAA7027F20A532D1005F7CBE /* Release */,
			);
			defaultConfigurationIsVisible = 0;
			defaultConfigurationName = Release;
		};
/* End XCConfigurationList section */
	};
	rootObject = FAA7025F20A532CC005F7CBE /* Project object */;
}
